{
  "version": 1,
  "dependencies": {
    ".NETFramework,Version=v4.5.2": {
      "Ajustee.Client": {
        "type": "Direct",
        "requested": "[0.4.2-beta01, )",
        "resolved": "0.4.2-beta01",
        "contentHash": "41IbgntSh8ejd3MnBNiK4FI2BhK0J9x4ZhaSvourUGJ3c9IFhtX3KxShJ61YW6EwooBfTxrcPddcT3NRnBjl/g==",
        "dependencies": {
          "Newtonsoft.Json": "12.0.2"
        }
      },
      "Microsoft.PowerShell.3.ReferenceAssemblies": {
        "type": "Direct",
        "requested": "[1.0.0, )",
        "resolved": "1.0.0",
        "contentHash": "lMDlqY0Dhqg4Fg+1B9MkLwfUuw46wQWdXqWzC1dsJcsFHLEt8BO7um7rtETTuoev+l7rxarRCIeeFcd1aCqRxg=="
      },
      "Newtonsoft.Json": {
        "type": "Transitive",
        "resolved": "12.0.2",
        "contentHash": "rTK0s2EKlfHsQsH6Yx2smvcTCeyoDNgCW7FEYyV01drPlh2T243PR2DiDXqtC5N4GDm4Ma/lkxfW5a/4793vbA=="
      }
    },
    ".NETStandard,Version=v2.0": {
      "Ajustee.Client": {
        "type": "Direct",
        "requested": "[0.4.2-beta01, )",
        "resolved": "0.4.2-beta01",
        "contentHash": "41IbgntSh8ejd3MnBNiK4FI2BhK0J9x4ZhaSvourUGJ3c9IFhtX3KxShJ61YW6EwooBfTxrcPddcT3NRnBjl/g==",
        "dependencies": {
          "System.Text.Json": "4.6.0"
        }
      },
      "NETStandard.Library": {
        "type": "Direct",
        "requested": "[2.0.3, )",
        "resolved": "2.0.3",
        "contentHash": "Bt5m6wxQ4CQ0etYobfQZGfdRyUOIAojx2tIYo18ie7FeG4cTam1eX31IxCn2xyerCoAq9RBlgk3TKEotNWSIsw==",
        "dependencies": {
          "Microsoft.NETCore.Platforms": "1.1.0"
        }
      },
      "System.Management.Automation": {
        "type": "Direct",
        "requested": "[6.1.0, )",
        "resolved": "6.1.0",
        "contentHash": "aYRjMUp7MYxs7UcldGtQjZ98BkSTR0M2LH3l4A7C6tJgi9c0M0eo57pVMsefTySmaRIje+3FNoajGkfEJIGMzg=="
      },
      "Microsoft.Bcl.AsyncInterfaces": {
        "type": "Transitive",
        "resolved": "1.0.0",
        "contentHash": "K63Y4hORbBcKLWH5wnKgzyn7TOfYzevIEwIedQHBIkmkEBA9SCqgvom+XTuE+fAFGvINGkhFItaZ2dvMGdT5iw==",
        "dependencies": {
          "System.Threading.Tasks.Extensions": "4.5.2"
        }
      },
      "Microsoft.NETCore.Platforms": {
        "type": "Transitive",
        "resolved": "1.1.0",
        "contentHash": "a/iSwnRZb+LHFk49hQOyThh/ZNC3vsbZsF65XwQIb863qF6msmhdQtxGXFL28Ob2NsCz/drEj28BJd/YPpLRBg=="
      },
      "System.Buffers": {
        "type": "Transitive",
        "resolved": "4.5.0",
        "contentHash": "5BgE5qYF/TgftB9FlByFqfhwYVt8UKf748KGovHLkBnW67Z89VdY/8ZXDVXRU78RCtQ/gIJ3TPBLmXtFvhm5xA=="
      },
      "System.Memory": {
        "type": "Transitive",
        "resolved": "4.5.3",
        "contentHash": "3oDzvc/zzetpTKWMShs1AADwZjQ/36HnsufHRPcOjyRAAMLDlu2iD33MBI2opxnezcVUtXyqDXXjoFMOU9c7SA==",
        "dependencies": {
          "System.Buffers": "4.4.0",
          "System.Numerics.Vectors": "4.4.0",
          "System.Runtime.CompilerServices.Unsafe": "4.5.2"
        }
      },
      "System.Numerics.Vectors": {
        "type": "Transitive",
        "resolved": "4.5.0",
        "contentHash": "nATsBTD2CKr4AYN6eRszhX4sptImWmBJwB/U6XKCWWfnCcrTBw8XSCm3QA9gjppkHTr8OkXUY21MR91D3QZXsw=="
      },
      "System.Runtime.CompilerServices.Unsafe": {
        "type": "Transitive",
        "resolved": "4.6.0",
        "contentHash": "HxozeSlipUK7dAroTYwIcGwKDeOVpQnJlpVaOkBz7CM4TsE5b/tKlQBZecTjh6FzcSbxndYaxxpsBMz+wMJeyw=="
      },
      "System.Text.Encodings.Web": {
        "type": "Transitive",
        "resolved": "4.6.0",
        "contentHash": "BXgFO8Yi7ao7hVA/nklD0Hre1Bbce048ZqryGZVFifGNPuh+2jqF1i/jLJLMfFGZIzUOw+nCIeH24SQhghDSPw==",
        "dependencies": {
          "System.Memory": "4.5.3"
        }
      },
      "System.Text.Json": {
        "type": "Transitive",
        "resolved": "4.6.0",
        "contentHash": "4F8Xe+JIkVoDJ8hDAZ7HqLkjctN/6WItJIzQaifBwClC7wmoLSda/Sv2i6i1kycqDb3hWF4JCVbpAweyOKHEUA==",
        "dependencies": {
          "Microsoft.Bcl.AsyncInterfaces": "1.0.0",
          "System.Buffers": "4.5.0",
          "System.Memory": "4.5.3",
          "System.Numerics.Vectors": "4.5.0",
          "System.Runtime.CompilerServices.Unsafe": "4.6.0",
          "System.Text.Encodings.Web": "4.6.0",
          "System.Threading.Tasks.Extensions": "4.5.2"
        }
      },
      "System.Threading.Tasks.Extensions": {
        "type": "Transitive",
        "resolved": "4.5.2",
        "contentHash": "BG/TNxDFv0svAzx8OiMXDlsHfGw623BZ8tCXw4YLhDFDvDhNUEV58jKYMGRnkbJNm7c3JNNJDiN7JBMzxRBR2w==",
        "dependencies": {
          "System.Runtime.CompilerServices.Unsafe": "4.5.2"
        }
      }
    }
  }
}